
Microsoft Visual Studio Solution File, Format Version 12.00
# Visual Studio Version 16
VisualStudioVersion = 16.0.32901.82
MinimumVisualStudioVersion = 10.0.40219.1
Project("{FAE04EC0-301F-11D3-BF4B-00C04F79EFBC}") = "jeuxNbreCache", "jeuxNbreCache\jeuxNbreCache.csproj", "{55ED973B-1869-4D59-AE83-9DEFC77D6BFA}"
EndProject
Global
	GlobalSection(SolutionConfigurationPlatforms) = preSolution
		Debug|Any CPU = Debug|Any CPU
		Release|Any CPU = Release|Any CPU
	EndGlobalSection
	GlobalSection(ProjectConfigurationPlatforms) = postSolution
		{55ED973B-1869-4D59-AE83-9DEFC77D6BFA}.Debug|Any CPU.ActiveCfg = Debug|Any CPU
		{55ED973B-1869-4D59-AE83-9DEFC77D6BFA}.Debug|Any CPU.Build.0 = Debug|Any CPU
		{55ED973B-1869-4D59-AE83-9DEFC77D6BFA}.Release|Any CPU.ActiveCfg = Release|Any CPU
		{55ED973B-1869-4D59-AE83-9DEFC77D6BFA}.Release|Any CPU.Build.0 = Release|Any CPU
	EndGlobalSection
	GlobalSection(SolutionProperties) = preSolution
		HideSolutionNode = FALSE
	EndGlobalSection
	GlobalSection(ExtensibilityGlobals) = postSolution
		SolutionGuid = {2CC21589-D1F2-43B3-BAA5-6D299DB28B74}
	EndGlobalSection
EndGlobal
